
Microsoft Visual Studio Solution File, Format Version 12.00
# Visual Studio Version 16
VisualStudioVersion = 16.0.31624.102
MinimumVisualStudioVersion = 10.0.40219.1
Project("{FAE04EC0-301F-11D3-BF4B-00C04F79EFBC}") = "Lection4CW", "Lection4CW\Lection4CW.csproj", "{643876F2-5D10-4F09-8AE4-DB9BC00A204D}"
EndProject
Global
	GlobalSection(SolutionConfigurationPlatforms) = preSolution
		Debug|Any CPU = Debug|Any CPU
		Release|Any CPU = Release|Any CPU
	EndGlobalSection
	GlobalSection(ProjectConfigurationPlatforms) = postSolution
		{643876F2-5D10-4F09-8AE4-DB9BC00A204D}.Debug|Any CPU.ActiveCfg = Debug|Any CPU
		{643876F2-5D10-4F09-8AE4-DB9BC00A204D}.Debug|Any CPU.Build.0 = Debug|Any CPU
		{643876F2-5D10-4F09-8AE4-DB9BC00A204D}.Release|Any CPU.ActiveCfg = Release|Any CPU
		{643876F2-5D10-4F09-8AE4-DB9BC00A204D}.Release|Any CPU.Build.0 = Release|Any CPU
	EndGlobalSection
	GlobalSection(SolutionProperties) = preSolution
		HideSolutionNode = FALSE
	EndGlobalSection
	GlobalSection(ExtensibilityGlobals) = postSolution
		SolutionGuid = {F926EEFA-C1CC-45A6-B5DC-79864DBA0F4E}
	EndGlobalSection
EndGlobal
